
Microsoft Visual Studio Solution File, Format Version 12.00
# Visual Studio 15
VisualStudioVersion = 15.0.27428.2043
MinimumVisualStudioVersion = 10.0.40219.1
Project("{FAE04EC0-301F-11D3-BF4B-00C04F79EFBC}") = "stockUpdate", "stockUpdate\stockUpdate.csproj", "{9667E76E-FF78-4760-85B6-610A44848566}"
EndProject
Global
	GlobalSection(SolutionConfigurationPlatforms) = preSolution
		Debug|Any CPU = Debug|Any CPU
		Release|Any CPU = Release|Any CPU
	EndGlobalSection
	GlobalSection(ProjectConfigurationPlatforms) = postSolution
		{9667E76E-FF78-4760-85B6-610A44848566}.Debug|Any CPU.ActiveCfg = Debug|Any CPU
		{9667E76E-FF78-4760-85B6-610A44848566}.Debug|Any CPU.Build.0 = Debug|Any CPU
		{9667E76E-FF78-4760-85B6-610A44848566}.Release|Any CPU.ActiveCfg = Release|Any CPU
		{9667E76E-FF78-4760-85B6-610A44848566}.Release|Any CPU.Build.0 = Release|Any CPU
	EndGlobalSection
	GlobalSection(SolutionProperties) = preSolution
		HideSolutionNode = FALSE
	EndGlobalSection
	GlobalSection(ExtensibilityGlobals) = postSolution
		SolutionGuid = {02563BD4-7FB0-4809-8A59-E18CE4364507}
	EndGlobalSection
EndGlobal
